{
  "name": "avrotest",
  "version": "1.0.0",
  "lockfileVersion": 1,
  "requires": true,
  "dependencies": {
    "avsc": {
      "version": "5.4.7",
      "resolved": "https://registry.npmjs.org/avsc/-/avsc-5.4.7.tgz",
      "integrity": "sha512-R/KpS+fhUqGXtxST/+Hty/1G0ujkUcWjV+of5PG+ncODaNelR3Xr0ZLcxxNj23JMRv+HPE7V4C3T9oF/1JMTOg=="
    }
  }
}
